
Microsoft Visual Studio Solution File, Format Version 12.00
# Visual Studio 15
VisualStudioVersion = 15.0.27130.2020
MinimumVisualStudioVersion = 10.0.40219.1
Project("{FAE04EC0-301F-11D3-BF4B-00C04F79EFBC}") = "t-schema", "t-schema\t-schema.csproj", "{855A569A-5D80-4DFF-8986-4CBD0007DFF8}"
EndProject
Global
	GlobalSection(SolutionConfigurationPlatforms) = preSolution
		Debug|Any CPU = Debug|Any CPU
		Release|Any CPU = Release|Any CPU
	EndGlobalSection
	GlobalSection(ProjectConfigurationPlatforms) = postSolution
		{855A569A-5D80-4DFF-8986-4CBD0007DFF8}.Debug|Any CPU.ActiveCfg = Debug|Any CPU
		{855A569A-5D80-4DFF-8986-4CBD0007DFF8}.Debug|Any CPU.Build.0 = Debug|Any CPU
		{855A569A-5D80-4DFF-8986-4CBD0007DFF8}.Release|Any CPU.ActiveCfg = Release|Any CPU
		{855A569A-5D80-4DFF-8986-4CBD0007DFF8}.Release|Any CPU.Build.0 = Release|Any CPU
	EndGlobalSection
	GlobalSection(SolutionProperties) = preSolution
		HideSolutionNode = FALSE
	EndGlobalSection
	GlobalSection(ExtensibilityGlobals) = postSolution
		SolutionGuid = {A22B9918-FAD0-4F19-991F-4F073AD70617}
	EndGlobalSection
EndGlobal
